
Microsoft Visual Studio Solution File, Format Version 12.00
# Visual Studio Version 17
VisualStudioVersion = 17.4.33110.190
MinimumVisualStudioVersion = 10.0.40219.1
Project("{FAE04EC0-301F-11D3-BF4B-00C04F79EFBC}") = "Insurance", "Insurance\Insurance.csproj", "{F1AF25A1-F847-4003-887A-A416D6838A0F}"
EndProject
Global
	GlobalSection(SolutionConfigurationPlatforms) = preSolution
		Debug|Any CPU = Debug|Any CPU
		Release|Any CPU = Release|Any CPU
	EndGlobalSection
	GlobalSection(ProjectConfigurationPlatforms) = postSolution
		{F1AF25A1-F847-4003-887A-A416D6838A0F}.Debug|Any CPU.ActiveCfg = Debug|Any CPU
		{F1AF25A1-F847-4003-887A-A416D6838A0F}.Debug|Any CPU.Build.0 = Debug|Any CPU
		{F1AF25A1-F847-4003-887A-A416D6838A0F}.Release|Any CPU.ActiveCfg = Release|Any CPU
		{F1AF25A1-F847-4003-887A-A416D6838A0F}.Release|Any CPU.Build.0 = Release|Any CPU
	EndGlobalSection
	GlobalSection(SolutionProperties) = preSolution
		HideSolutionNode = FALSE
	EndGlobalSection
	GlobalSection(ExtensibilityGlobals) = postSolution
		SolutionGuid = {22A564AE-E1F6-4B88-9BA4-EB56360C9A30}
	EndGlobalSection
EndGlobal
